
Microsoft Visual Studio Solution File, Format Version 12.00
# Visual Studio 15
Project("{FAE04EC0-301F-11D3-BF4B-00C04F79EFBC}") = "Assembly-CSharp", "Assembly-CSharp.csproj", "{B40F424E-A8D8-2736-F203-B359793B7709}"
EndProject
Project("{FAE04EC0-301F-11D3-BF4B-00C04F79EFBC}") = "Assembly-CSharp-firstpass", "Assembly-CSharp-firstpass.csproj", "{A8140C4D-CF42-616D-7C6E-916F68466CA2}"
EndProject
Project("{FAE04EC0-301F-11D3-BF4B-00C04F79EFBC}") = "NavMeshComponents", "NavMeshComponents.csproj", "{2B03A3C2-8443-1E92-2874-D950188D1D29}"
EndProject
Project("{FAE04EC0-301F-11D3-BF4B-00C04F79EFBC}") = "NavMeshComponentsEditor", "NavMeshComponentsEditor.csproj", "{8989D6EF-5280-EDDC-DAF9-B553E0676EEC}"
EndProject
Global
	GlobalSection(SolutionConfigurationPlatforms) = preSolution
		Debug|Any CPU = Debug|Any CPU
		Release|Any CPU = Release|Any CPU
	EndGlobalSection
	GlobalSection(ProjectConfigurationPlatforms) = postSolution
		{B40F424E-A8D8-2736-F203-B359793B7709}.Debug|Any CPU.ActiveCfg = Debug|Any CPU
		{B40F424E-A8D8-2736-F203-B359793B7709}.Debug|Any CPU.Build.0 = Debug|Any CPU
		{B40F424E-A8D8-2736-F203-B359793B7709}.Release|Any CPU.ActiveCfg = Release|Any CPU
		{B40F424E-A8D8-2736-F203-B359793B7709}.Release|Any CPU.Build.0 = Release|Any CPU
		{A8140C4D-CF42-616D-7C6E-916F68466CA2}.Debug|Any CPU.ActiveCfg = Debug|Any CPU
		{A8140C4D-CF42-616D-7C6E-916F68466CA2}.Debug|Any CPU.Build.0 = Debug|Any CPU
		{A8140C4D-CF42-616D-7C6E-916F68466CA2}.Release|Any CPU.ActiveCfg = Release|Any CPU
		{A8140C4D-CF42-616D-7C6E-916F68466CA2}.Release|Any CPU.Build.0 = Release|Any CPU
		{2B03A3C2-8443-1E92-2874-D950188D1D29}.Debug|Any CPU.ActiveCfg = Debug|Any CPU
		{2B03A3C2-8443-1E92-2874-D950188D1D29}.Debug|Any CPU.Build.0 = Debug|Any CPU
		{2B03A3C2-8443-1E92-2874-D950188D1D29}.Release|Any CPU.ActiveCfg = Release|Any CPU
		{2B03A3C2-8443-1E92-2874-D950188D1D29}.Release|Any CPU.Build.0 = Release|Any CPU
		{8989D6EF-5280-EDDC-DAF9-B553E0676EEC}.Debug|Any CPU.ActiveCfg = Debug|Any CPU
		{8989D6EF-5280-EDDC-DAF9-B553E0676EEC}.Debug|Any CPU.Build.0 = Debug|Any CPU
		{8989D6EF-5280-EDDC-DAF9-B553E0676EEC}.Release|Any CPU.ActiveCfg = Release|Any CPU
		{8989D6EF-5280-EDDC-DAF9-B553E0676EEC}.Release|Any CPU.Build.0 = Release|Any CPU
	EndGlobalSection
	GlobalSection(SolutionProperties) = preSolution
		HideSolutionNode = FALSE
	EndGlobalSection
EndGlobal
